{
  "name": "FigmaProtoVM",
  "version": "1.0.0",
  "lockfileVersion": 3,
  "requires": true,
  "packages": {
    "": {
      "name": "FigmaProtoVM",
      "version": "1.0.0",
      "devDependencies": {
        "@figma/plugin-typings": "^1.68.0",
        "typescript": "*"
      }
    },
    "node_modules/@figma/plugin-typings": {
      "version": "1.68.0",
      "resolved": "https://registry.npmjs.org/@figma/plugin-typings/-/plugin-typings-1.68.0.tgz",
      "integrity": "sha512-hT+iqf5CRRqKI7NmPdwml+Ld/mG1QM8VcZZURV2AowIy6vC3VQ2iIIT5d7ulDnQU+WzQDvaGaDAw/J5X6tQ2Ww==",
      "dev": true
    },
    "node_modules/typescript": {
      "version": "5.1.3",
      "resolved": "https://registry.npmjs.org/typescript/-/typescript-5.1.3.tgz",
      "integrity": "sha512-XH627E9vkeqhlZFQuL+UsyAXEnibT0kWR2FWONlr4sTjvxyJYnyefgrkyECLzM5NenmKzRAy2rR/OlYLA1HkZw==",
      "dev": true,
      "bin": {
        "tsc": "bin/tsc",
        "tsserver": "bin/tsserver"
      },
      "engines": {
        "node": ">=14.17"
      }
    }
  }
}
